
Microsoft Visual Studio Solution File, Format Version 12.00
# Visual Studio Version 17
VisualStudioVersion = 17.9.34728.123
MinimumVisualStudioVersion = 10.0.40219.1
Project("{FAE04EC0-301F-11D3-BF4B-00C04F79EFBC}") = "Api1", "Api1\Api1.csproj", "{C06FA1E3-0B84-49EF-88A4-10007E2A02DB}"
EndProject
Global
	GlobalSection(SolutionConfigurationPlatforms) = preSolution
		Debug|Any CPU = Debug|Any CPU
		Release|Any CPU = Release|Any CPU
	EndGlobalSection
	GlobalSection(ProjectConfigurationPlatforms) = postSolution
		{C06FA1E3-0B84-49EF-88A4-10007E2A02DB}.Debug|Any CPU.ActiveCfg = Debug|Any CPU
		{C06FA1E3-0B84-49EF-88A4-10007E2A02DB}.Debug|Any CPU.Build.0 = Debug|Any CPU
		{C06FA1E3-0B84-49EF-88A4-10007E2A02DB}.Release|Any CPU.ActiveCfg = Release|Any CPU
		{C06FA1E3-0B84-49EF-88A4-10007E2A02DB}.Release|Any CPU.Build.0 = Release|Any CPU
	EndGlobalSection
	GlobalSection(SolutionProperties) = preSolution
		HideSolutionNode = FALSE
	EndGlobalSection
	GlobalSection(ExtensibilityGlobals) = postSolution
		SolutionGuid = {B3D91AED-A46A-47E7-B957-57FF6E27DC32}
	EndGlobalSection
EndGlobal
